// !$*UTF8*$!
{
	archiveVersion = 1;
	classes = {
	};
	objectVersion = 46;
	objects = {

/* Begin PBXBuildFile section */
		39B4133E1B8EB740000EE396 /* AppDelegate.swift in Sources */ = {isa = PBXBuildFile; fileRef = 39B4133D1B8EB740000EE396 /* AppDelegate.swift */; };
		39B413401B8EB740000EE396 /* ViewController.swift in Sources */ = {isa = PBXBuildFile; fileRef = 39B4133F1B8EB740000EE396 /* ViewController.swift */; };
		39B413431B8EB740000EE396 /* Main.storyboard in Resources */ = {isa = PBXBuildFile; fileRef = 39B413411B8EB740000EE396 /* Main.storyboard */; };
		39B413451B8EB740000EE396 /* Assets.xcassets in Resources */ = {isa = PBXBuildFile; fileRef = 39B413441B8EB740000EE396 /* Assets.xcassets */; };
		39B413481B8EB740000EE396 /* LaunchScreen.storyboard in Resources */ = {isa = PBXBuildFile; fileRef = 39B413461B8EB740000EE396 /* LaunchScreen.storyboard */; };
/* End PBXBuildFile section */

/* Begin PBXFileReference section */
		39B4133A1B8EB740000EE396 /* AnimalTrivia.app */ = {isa = PBXFileReference; explicitFileType = wrapper.application; includeInIndex = 0; path = AnimalTrivia.app; sourceTree = BUILT_PRODUCTS_DIR; };
		39B4133D1B8EB740000EE396 /* AppDelegate.swift */ = {isa = PBXFileReference; lastKnownFileType = sourcecode.swift; path = AppDelegate.swift; sourceTree = "<group>"; };
		39B4133F1B8EB740000EE396 /* ViewController.swift */ = {isa = PBXFileReference; lastKnownFileType = sourcecode.swift; path = ViewController.swift; sourceTree = "<group>"; };
		39B413421B8EB740000EE396 /* Base */ = {isa = PBXFileReference; lastKnownFileType = file.storyboard; name = Base; path = Base.lproj/Main.storyboard; sourceTree = "<group>"; };
		39B413441B8EB740000EE396 /* Assets.xcassets */ = {isa = PBXFileReference; lastKnownFileType = folder.assetcatalog; path = Assets.xcassets; sourceTree = "<group>"; };
		39B413471B8EB740000EE396 /* Base */ = {isa = PBXFileReference; lastKnownFileType = file.storyboard; name = Base; path = Base.lproj/LaunchScreen.storyboard; sourceTree = "<group>"; };
		39B413491B8EB740000EE396 /* Info.plist */ = {isa = PBXFileReference; lastKnownFileType = text.plist.xml; path = Info.plist; sourceTree = "<group>"; };
/* End PBXFileReference section */

/* Begin PBXFrameworksBuildPhase section */
		39B413371B8EB740000EE396 /* Frameworks */ = {
			isa = PBXFrameworksBuildPhase;
			buildActionMask = 2147483647;
			files = (
			);
			runOnlyForDeploymentPostprocessing = 0;
		};
/* End PBXFrameworksBuildPhase section */

/* Begin PBXGroup section */
		39B413311B8EB740000EE396 = {
			isa = PBXGroup;
			children = (
				39B4133C1B8EB740000EE396 /* AnimalTrivia */,
				39B4133B1B8EB740000EE396 /* Products */,
			);
			sourceTree = "<group>";
		};
		39B4133B1B8EB740000EE396 /* Products */ = {
			isa = PBXGroup;
			children = (
				39B4133A1B8EB740000EE396 /* AnimalTrivia.app */,
			);
			name = Products;
			sourceTree = "<group>";
		};
		39B4133C1B8EB740000EE396 /* AnimalTrivia */ = {
			isa = PBXGroup;
			children = (
				39B4133D1B8EB740000EE396 /* AppDelegate.swift */,
				39B4133F1B8EB740000EE396 /* ViewController.swift */,
				39B413411B8EB740000EE396 /* Main.storyboard */,
				39B413441B8EB740000EE396 /* Assets.xcassets */,
				39B413461B8EB740000EE396 /* LaunchScreen.storyboard */,
				39B413491B8EB740000EE396 /* Info.plist */,
			);
			path = AnimalTrivia;
			sourceTree = "<group>";
		};
/* End PBXGroup section */

/* Begin PBXNativeTarget section */
		39B413391B8EB740000EE396 /* AnimalTrivia */ = {
			isa = PBXNativeTarget;
			buildConfigurationList = 39B4134C1B8EB740000EE396 /* Build configuration list for PBXNativeTarget "AnimalTrivia" */;
			buildPhases = (
				39B413361B8EB740000EE396 /* Sources */,
				39B413371B8EB740000EE396 /* Frameworks */,
				39B413381B8EB740000EE396 /* Resources */,
			);
			buildRules = (
			);
			dependencies = (
			);
			name = AnimalTrivia;
			productName = AnimalTrivia;
			productReference = 39B4133A1B8EB740000EE396 /* AnimalTrivia.app */;
			productType = "com.apple.product-type.application";
		};
/* End PBXNativeTarget section */

/* Begin PBXProject section */
		39B413321B8EB740000EE396 /* Project object */ = {
			isa = PBXProject;
			attributes = {
				LastUpgradeCheck = 0700;
				ORGANIZATIONNAME = "William Lam";
				TargetAttributes = {
					39B413391B8EB740000EE396 = {
						CreatedOnToolsVersion = 7.0;
					};
				};
			};
			buildConfigurationList = 39B413351B8EB740000EE396 /* Build configuration list for PBXProject "AnimalTrivia" */;
			compatibilityVersion = "Xcode 3.2";
			developmentRegion = English;
			hasScannedForEncodings = 0;
			knownRegions = (
				en,
				Base,
			);
			mainGroup = 39B413311B8EB740000EE396;
			productRefGroup = 39B4133B1B8EB740000EE396 /* Products */;
			projectDirPath = "";
			projectRoot = "";
			targets = (
				39B413391B8EB740000EE396 /* AnimalTrivia */,
			);
		};
/* End PBXProject section */

/* Begin PBXResourcesBuildPhase section */
		39B413381B8EB740000EE396 /* Resources */ = {
			isa = PBXResourcesBuildPhase;
			buildActionMask = 2147483647;
			files = (
				39B413481B8EB740000EE396 /* LaunchScreen.storyboard in Resources */,
				39B413451B8EB740000EE396 /* Assets.xcassets in Resources */,
				39B413431B8EB740000EE396 /* Main.storyboard in Resources */,
			);
			runOnlyForDeploymentPostprocessing = 0;
		};
/* End PBXResourcesBuildPhase section */

/* Begin PBXSourcesBuildPhase section */
		39B413361B8EB740000EE396 /* Sources */ = {
			isa = PBXSourcesBuildPhase;
			buildActionMask = 2147483647;
			files = (
				39B413401B8EB740000EE396 /* ViewController.swift in Sources */,
				39B4133E1B8EB740000EE396 /* AppDelegate.swift in Sources */,
			);
			runOnlyForDeploymentPostprocessing = 0;
		};
/* End PBXSourcesBuildPhase section */

/* Begin PBXVariantGroup section */
		39B413411B8EB740000EE396 /* Main.storyboard */ = {
			isa = PBXVariantGroup;
			children = (
				39B413421B8EB740000EE396 /* Base */,
			);
			name = Main.storyboard;
			sourceTree = "<group>";
		};
		39B413461B8EB740000EE396 /* LaunchScreen.storyboard */ = {
			isa = PBXVariantGroup;
			children = (
				39B413471B8EB740000EE396 /* Base */,
			);
			name = LaunchScreen.storyboard;
			sourceTree = "<group>";
		};
/* End PBXVariantGroup section */

/* Begin XCBuildConfiguration section */
		39B4134A1B8EB740000EE396 /* Debug */ = {
			isa = XCBuildConfiguration;
			buildSettings = {
				ALWAYS_SEARCH_USER_PATHS = NO;
				CLANG_CXX_LANGUAGE_STANDARD = "gnu++0x";
				CLANG_CXX_LIBRARY = "libc++";
				CLANG_ENABLE_MODULES = YES;
				CLANG_ENABLE_OBJC_ARC = YES;
				CLANG_WARN_BOOL_CONVERSION = YES;
				CLANG_WARN_CONSTANT_CONVERSION = YES;
				CLANG_WARN_DIRECT_OBJC_ISA_USAGE = YES_ERROR;
				CLANG_WARN_EMPTY_BODY = YES;
				CLANG_WARN_ENUM_CONVERSION = YES;
				CLANG_WARN_INT_CONVERSION = YES;
				CLANG_WARN_OBJC_ROOT_CLASS = YES_ERROR;
				CLANG_WARN_UNREACHABLE_CODE = YES;
				CLANG_WARN__DUPLICATE_METHOD_MATCH = YES;
				"CODE_SIGN_IDENTITY[sdk=iphoneos*]" = "iPhone Developer";
				COPY_PHASE_STRIP = NO;
				DEBUG_INFORMATION_FORMAT = dwarf;
				ENABLE_STRICT_OBJC_MSGSEND = YES;
				ENABLE_TESTABILITY = YES;
				GCC_C_LANGUAGE_STANDARD = gnu99;
				GCC_DYNAMIC_NO_PIC = NO;
				GCC_NO_COMMON_BLOCKS = YES;
				GCC_OPTIMIZATION_LEVEL = 0;
				GCC_PREPROCESSOR_DEFINITIONS = (
					"DEBUG=1",
					"$(inherited)",
				);
				GCC_WARN_64_TO_32_BIT_CONVERSION = YES;
				GCC_WARN_ABOUT_RETURN_TYPE = YES_ERROR;
				GCC_WARN_UNDECLARED_SELECTOR = YES;
				GCC_WARN_UNINITIALIZED_AUTOS = YES_AGGRESSIVE;
				GCC_WARN_UNUSED_FUNCTION = YES;
				GCC_WARN_UNUSED_VARIABLE = YES;
				IPHONEOS_DEPLOYMENT_TARGET = 9.0;
				MTL_ENABLE_DEBUG_INFO = YES;
				ONLY_ACTIVE_ARCH = YES;
				SDKROOT = iphoneos;
				SWIFT_OPTIMIZATION_LEVEL = "-Onone";
				TARGETED_DEVICE_FAMILY = "1,2";
			};
			name = Debug;
		};
		39B4134B1B8EB740000EE396 /* Release */ = {
			isa = XCBuildConfiguration;
			buildSettings = {
				ALWAYS_SEARCH_USER_PATHS = NO;
				CLANG_CXX_LANGUAGE_STANDARD = "gnu++0x";
				CLANG_CXX_LIBRARY = "libc++";
				CLANG_ENABLE_MODULES = YES;
				CLANG_ENABLE_OBJC_ARC = YES;
				CLANG_WARN_BOOL_CONVERSION = YES;
				CLANG_WARN_CONSTANT_CONVERSION = YES;
				CLANG_WARN_DIRECT_OBJC_ISA_USAGE = YES_ERROR;
				CLANG_WARN_EMPTY_BODY = YES;
				CLANG_WARN_ENUM_CONVERSION = YES;
				CLANG_WARN_INT_CONVERSION = YES;
				CLANG_WARN_OBJC_ROOT_CLASS = YES_ERROR;
				CLANG_WARN_UNREACHABLE_CODE = YES;
				CLANG_WARN__DUPLICATE_METHOD_MATCH = YES;
				"CODE_SIGN_IDENTITY[sdk=iphoneos*]" = "iPhone Developer";
				COPY_PHASE_STRIP = NO;
				DEBUG_INFORMATION_FORMAT = "dwarf-with-dsym";
				ENABLE_NS_ASSERTIONS = NO;
				ENABLE_STRICT_OBJC_MSGSEND = YES;
				GCC_C_LANGUAGE_STANDARD = gnu99;
				GCC_NO_COMMON_BLOCKS = YES;
				GCC_WARN_64_TO_32_BIT_CONVERSION = YES;
				GCC_WARN_ABOUT_RETURN_TYPE = YES_ERROR;
				GCC_WARN_UNDECLARED_SELECTOR = YES;
				GCC_WARN_UNINITIALIZED_AUTOS = YES_AGGRESSIVE;
				GCC_WARN_UNUSED_FUNCTION = YES;
				GCC_WARN_UNUSED_VARIABLE = YES;
				IPHONEOS_DEPLOYMENT_TARGET = 9.0;
				MTL_ENABLE_DEBUG_INFO = NO;
				SDKROOT = iphoneos;
				TARGETED_DEVICE_FAMILY = "1,2";
				VALIDATE_PRODUCT = YES;
			};
			name = Release;
		};
		39B4134D1B8EB740000EE396 /* Debug */ = {
			isa = XCBuildConfiguration;
			buildSettings = {
				ASSETCATALOG_COMPILER_APPICON_NAME = AppIcon;
				INFOPLIST_FILE = AnimalTrivia/Info.plist;
				LD_RUNPATH_SEARCH_PATHS = "$(inherited) @executable_path/Frameworks";
				PRODUCT_BUNDLE_IDENTIFIER = willlam.AnimalTrivia;
				PRODUCT_NAME = "$(TARGET_NAME)";
			};
			name = Debug;
		};
		39B4134E1B8EB740000EE396 /* Release */ = {
			isa = XCBuildConfiguration;
			buildSettings = {
				ASSETCATALOG_COMPILER_APPICON_NAME = AppIcon;
				INFOPLIST_FILE = AnimalTrivia/Info.plist;
				LD_RUNPATH_SEARCH_PATHS = "$(inherited) @executable_path/Frameworks";
				PRODUCT_BUNDLE_IDENTIFIER = willlam.AnimalTrivia;
				PRODUCT_NAME = "$(TARGET_NAME)";
			};
			name = Release;
		};
/* End XCBuildConfiguration section */

/* Begin XCConfigurationList section */
		39B413351B8EB740000EE396 /* Build configuration list for PBXProject "AnimalTrivia" */ = {
			isa = XCConfigurationList;
			buildConfigurations = (
				39B4134A1B8EB740000EE396 /* Debug */,
				39B4134B1B8EB740000EE396 /* Release */,
			);
			defaultConfigurationIsVisible = 0;
			defaultConfigurationName = Release;
		};
		39B4134C1B8EB740000EE396 /* Build configuration list for PBXNativeTarget "AnimalTrivia" */ = {
			isa = XCConfigurationList;
			buildConfigurations = (
				39B4134D1B8EB740000EE396 /* Debug */,
				39B4134E1B8EB740000EE396 /* Release */,
			);
			defaultConfigurationIsVisible = 0;
		};
/* End XCConfigurationList section */
	};
	rootObject = 39B413321B8EB740000EE396 /* Project object */;
}
